
Microsoft Visual Studio Solution File, Format Version 12.00
# Visual Studio Version 16
VisualStudioVersion = 16.0.30330.147
MinimumVisualStudioVersion = 10.0.40219.1
Project("{FAE04EC0-301F-11D3-BF4B-00C04F79EFBC}") = "StudioStudents", "StudioStudents\StudioStudents.csproj", "{36D6E622-3371-4A2E-9CBA-C44E6E809A0A}"
EndProject
Global
	GlobalSection(SolutionConfigurationPlatforms) = preSolution
		Debug|Any CPU = Debug|Any CPU
		Release|Any CPU = Release|Any CPU
	EndGlobalSection
	GlobalSection(ProjectConfigurationPlatforms) = postSolution
		{36D6E622-3371-4A2E-9CBA-C44E6E809A0A}.Debug|Any CPU.ActiveCfg = Debug|Any CPU
		{36D6E622-3371-4A2E-9CBA-C44E6E809A0A}.Debug|Any CPU.Build.0 = Debug|Any CPU
		{36D6E622-3371-4A2E-9CBA-C44E6E809A0A}.Release|Any CPU.ActiveCfg = Release|Any CPU
		{36D6E622-3371-4A2E-9CBA-C44E6E809A0A}.Release|Any CPU.Build.0 = Release|Any CPU
	EndGlobalSection
	GlobalSection(SolutionProperties) = preSolution
		HideSolutionNode = FALSE
	EndGlobalSection
	GlobalSection(ExtensibilityGlobals) = postSolution
		SolutionGuid = {A6FA5898-2B12-426A-8604-C0AEACD4FF32}
	EndGlobalSection
EndGlobal
